
Microsoft Visual Studio Solution File, Format Version 12.00
# Visual Studio Version 17
VisualStudioVersion = 17.14.36429.23 d17.14
MinimumVisualStudioVersion = 10.0.40219.1
Project("{C9674DCB-5085-4A16-B785-4C70DD1589BD}") = "ETLChinook", "ETLChinook\ETLChinook.dtproj", "{5B8043A8-8C1D-5317-4579-A4B30A5E5AB5}"
EndProject
Global
	GlobalSection(SolutionConfigurationPlatforms) = preSolution
		Development|Default = Development|Default
	EndGlobalSection
	GlobalSection(ProjectConfigurationPlatforms) = postSolution
		{5B8043A8-8C1D-5317-4579-A4B30A5E5AB5}.Development|Default.ActiveCfg = Development
		{5B8043A8-8C1D-5317-4579-A4B30A5E5AB5}.Development|Default.Build.0 = Development
	EndGlobalSection
	GlobalSection(SolutionProperties) = preSolution
		HideSolutionNode = FALSE
	EndGlobalSection
	GlobalSection(ExtensibilityGlobals) = postSolution
		SolutionGuid = {A25611B7-7AFE-4AA6-B38C-3F789C1423F7}
	EndGlobalSection
EndGlobal
